// !$*UTF8*$!
{
	archiveVersion = 1;
	classes = {
	};
	objectVersion = 56;
	objects = {

/* Begin PBXBuildFile section */
		33B761242909F01800AF9E83 /* AppDelegate.swift in Sources */ = {isa = PBXBuildFile; fileRef = 33B761232909F01800AF9E83 /* AppDelegate.swift */; };
		33B761262909F01800AF9E83 /* SceneDelegate.swift in Sources */ = {isa = PBXBuildFile; fileRef = 33B761252909F01800AF9E83 /* SceneDelegate.swift */; };
		33B761282909F01800AF9E83 /* HomeController.swift in Sources */ = {isa = PBXBuildFile; fileRef = 33B761272909F01800AF9E83 /* HomeController.swift */; };
		33B7612B2909F01800AF9E83 /* Main.storyboard in Resources */ = {isa = PBXBuildFile; fileRef = 33B761292909F01800AF9E83 /* Main.storyboard */; };
		33B7612D2909F01900AF9E83 /* Assets.xcassets in Resources */ = {isa = PBXBuildFile; fileRef = 33B7612C2909F01900AF9E83 /* Assets.xcassets */; };
		33B761302909F01900AF9E83 /* LaunchScreen.storyboard in Resources */ = {isa = PBXBuildFile; fileRef = 33B7612E2909F01900AF9E83 /* LaunchScreen.storyboard */; };
		33B761382909F6C900AF9E83 /* RegisterVC.swift in Sources */ = {isa = PBXBuildFile; fileRef = 33B761372909F6C900AF9E83 /* RegisterVC.swift */; };
		33BEE2AF29148068009A1D44 /* EmployeeListVC.swift in Sources */ = {isa = PBXBuildFile; fileRef = 33BEE2AE29148068009A1D44 /* EmployeeListVC.swift */; };
		33BEE2B129148351009A1D44 /* EmployeeListCell.swift in Sources */ = {isa = PBXBuildFile; fileRef = 33BEE2B029148351009A1D44 /* EmployeeListCell.swift */; };
		788F3EB329156CFE00F0191C /* empdetailsVC.swift in Sources */ = {isa = PBXBuildFile; fileRef = 788F3EB229156CFE00F0191C /* empdetailsVC.swift */; };
/* End PBXBuildFile section */

/* Begin PBXFileReference section */
		33B761202909F01800AF9E83 /* Developers_MAD3115.app */ = {isa = PBXFileReference; explicitFileType = wrapper.application; includeInIndex = 0; path = Developers_MAD3115.app; sourceTree = BUILT_PRODUCTS_DIR; };
		33B761232909F01800AF9E83 /* AppDelegate.swift */ = {isa = PBXFileReference; lastKnownFileType = sourcecode.swift; path = AppDelegate.swift; sourceTree = "<group>"; };
		33B761252909F01800AF9E83 /* SceneDelegate.swift */ = {isa = PBXFileReference; lastKnownFileType = sourcecode.swift; path = SceneDelegate.swift; sourceTree = "<group>"; };
		33B761272909F01800AF9E83 /* HomeController.swift */ = {isa = PBXFileReference; lastKnownFileType = sourcecode.swift; path = HomeController.swift; sourceTree = "<group>"; };
		33B7612A2909F01800AF9E83 /* Base */ = {isa = PBXFileReference; lastKnownFileType = file.storyboard; name = Base; path = Base.lproj/Main.storyboard; sourceTree = "<group>"; };
		33B7612C2909F01900AF9E83 /* Assets.xcassets */ = {isa = PBXFileReference; lastKnownFileType = folder.assetcatalog; path = Assets.xcassets; sourceTree = "<group>"; };
		33B7612F2909F01900AF9E83 /* Base */ = {isa = PBXFileReference; lastKnownFileType = file.storyboard; name = Base; path = Base.lproj/LaunchScreen.storyboard; sourceTree = "<group>"; };
		33B761312909F01900AF9E83 /* Info.plist */ = {isa = PBXFileReference; lastKnownFileType = text.plist.xml; path = Info.plist; sourceTree = "<group>"; };
		33B761372909F6C900AF9E83 /* RegisterVC.swift */ = {isa = PBXFileReference; lastKnownFileType = sourcecode.swift; path = RegisterVC.swift; sourceTree = "<group>"; };
		33BEE2AE29148068009A1D44 /* EmployeeListVC.swift */ = {isa = PBXFileReference; lastKnownFileType = sourcecode.swift; path = EmployeeListVC.swift; sourceTree = "<group>"; };
		33BEE2B029148351009A1D44 /* EmployeeListCell.swift */ = {isa = PBXFileReference; lastKnownFileType = sourcecode.swift; path = EmployeeListCell.swift; sourceTree = "<group>"; };
		788F3EB229156CFE00F0191C /* empdetailsVC.swift */ = {isa = PBXFileReference; lastKnownFileType = sourcecode.swift; path = empdetailsVC.swift; sourceTree = "<group>"; };
/* End PBXFileReference section */

/* Begin PBXFrameworksBuildPhase section */
		33B7611D2909F01800AF9E83 /* Frameworks */ = {
			isa = PBXFrameworksBuildPhase;
			buildActionMask = 2147483647;
			files = (
			);
			runOnlyForDeploymentPostprocessing = 0;
		};
/* End PBXFrameworksBuildPhase section */

/* Begin PBXGroup section */
		33B761172909F01800AF9E83 = {
			isa = PBXGroup;
			children = (
				33B761222909F01800AF9E83 /* Developers_MAD3115 */,
				33B761212909F01800AF9E83 /* Products */,
			);
			sourceTree = "<group>";
		};
		33B761212909F01800AF9E83 /* Products */ = {
			isa = PBXGroup;
			children = (
				33B761202909F01800AF9E83 /* Developers_MAD3115.app */,
			);
			name = Products;
			sourceTree = "<group>";
		};
		33B761222909F01800AF9E83 /* Developers_MAD3115 */ = {
			isa = PBXGroup;
			children = (
				33B761232909F01800AF9E83 /* AppDelegate.swift */,
				33B761252909F01800AF9E83 /* SceneDelegate.swift */,
				33B761272909F01800AF9E83 /* HomeController.swift */,
				33B761292909F01800AF9E83 /* Main.storyboard */,
				788F3EB229156CFE00F0191C /* empdetailsVC.swift */,
				33B7612C2909F01900AF9E83 /* Assets.xcassets */,
				33B7612E2909F01900AF9E83 /* LaunchScreen.storyboard */,
				33B761312909F01900AF9E83 /* Info.plist */,
				33B761372909F6C900AF9E83 /* RegisterVC.swift */,
				33BEE2AE29148068009A1D44 /* EmployeeListVC.swift */,
				33BEE2B029148351009A1D44 /* EmployeeListCell.swift */,
			);
			path = Developers_MAD3115;
			sourceTree = "<group>";
		};
/* End PBXGroup section */

/* Begin PBXNativeTarget section */
		33B7611F2909F01800AF9E83 /* Developers_MAD3115 */ = {
			isa = PBXNativeTarget;
			buildConfigurationList = 33B761342909F01900AF9E83 /* Build configuration list for PBXNativeTarget "Developers_MAD3115" */;
			buildPhases = (
				33B7611C2909F01800AF9E83 /* Sources */,
				33B7611D2909F01800AF9E83 /* Frameworks */,
				33B7611E2909F01800AF9E83 /* Resources */,
			);
			buildRules = (
			);
			dependencies = (
			);
			name = Developers_MAD3115;
			productName = Developers_MAD3115;
			productReference = 33B761202909F01800AF9E83 /* Developers_MAD3115.app */;
			productType = "com.apple.product-type.application";
		};
/* End PBXNativeTarget section */

/* Begin PBXProject section */
		33B761182909F01800AF9E83 /* Project object */ = {
			isa = PBXProject;
			attributes = {
				BuildIndependentTargetsInParallel = 1;
				LastSwiftUpdateCheck = 1400;
				LastUpgradeCheck = 1400;
				TargetAttributes = {
					33B7611F2909F01800AF9E83 = {
						CreatedOnToolsVersion = 14.0.1;
					};
				};
			};
			buildConfigurationList = 33B7611B2909F01800AF9E83 /* Build configuration list for PBXProject "Developers_MAD3115" */;
			compatibilityVersion = "Xcode 14.0";
			developmentRegion = en;
			hasScannedForEncodings = 0;
			knownRegions = (
				en,
				Base,
			);
			mainGroup = 33B761172909F01800AF9E83;
			productRefGroup = 33B761212909F01800AF9E83 /* Products */;
			projectDirPath = "";
			projectRoot = "";
			targets = (
				33B7611F2909F01800AF9E83 /* Developers_MAD3115 */,
			);
		};
/* End PBXProject section */

/* Begin PBXResourcesBuildPhase section */
		33B7611E2909F01800AF9E83 /* Resources */ = {
			isa = PBXResourcesBuildPhase;
			buildActionMask = 2147483647;
			files = (
				33B761302909F01900AF9E83 /* LaunchScreen.storyboard in Resources */,
				33B7612D2909F01900AF9E83 /* Assets.xcassets in Resources */,
				33B7612B2909F01800AF9E83 /* Main.storyboard in Resources */,
			);
			runOnlyForDeploymentPostprocessing = 0;
		};
/* End PBXResourcesBuildPhase section */

/* Begin PBXSourcesBuildPhase section */
		33B7611C2909F01800AF9E83 /* Sources */ = {
			isa = PBXSourcesBuildPhase;
			buildActionMask = 2147483647;
			files = (
				33B761282909F01800AF9E83 /* HomeController.swift in Sources */,
				33BEE2B129148351009A1D44 /* EmployeeListCell.swift in Sources */,
				33B761382909F6C900AF9E83 /* RegisterVC.swift in Sources */,
				33BEE2AF29148068009A1D44 /* EmployeeListVC.swift in Sources */,
				788F3EB329156CFE00F0191C /* empdetailsVC.swift in Sources */,
				33B761242909F01800AF9E83 /* AppDelegate.swift in Sources */,
				33B761262909F01800AF9E83 /* SceneDelegate.swift in Sources */,
			);
			runOnlyForDeploymentPostprocessing = 0;
		};
/* End PBXSourcesBuildPhase section */

/* Begin PBXVariantGroup section */
		33B761292909F01800AF9E83 /* Main.storyboard */ = {
			isa = PBXVariantGroup;
			children = (
				33B7612A2909F01800AF9E83 /* Base */,
			);
			name = Main.storyboard;
			sourceTree = "<group>";
		};
		33B7612E2909F01900AF9E83 /* LaunchScreen.storyboard */ = {
			isa = PBXVariantGroup;
			children = (
				33B7612F2909F01900AF9E83 /* Base */,
			);
			name = LaunchScreen.storyboard;
			sourceTree = "<group>";
		};
/* End PBXVariantGroup section */

/* Begin XCBuildConfiguration section */
		33B761322909F01900AF9E83 /* Debug */ = {
			isa = XCBuildConfiguration;
			buildSettings = {
				ALWAYS_SEARCH_USER_PATHS = NO;
				CLANG_ANALYZER_NONNULL = YES;
				CLANG_ANALYZER_NUMBER_OBJECT_CONVERSION = YES_AGGRESSIVE;
				CLANG_CXX_LANGUAGE_STANDARD = "gnu++20";
				CLANG_ENABLE_MODULES = YES;
				CLANG_ENABLE_OBJC_ARC = YES;
				CLANG_ENABLE_OBJC_WEAK = YES;
				CLANG_WARN_BLOCK_CAPTURE_AUTORELEASING = YES;
				CLANG_WARN_BOOL_CONVERSION = YES;
				CLANG_WARN_COMMA = YES;
				CLANG_WARN_CONSTANT_CONVERSION = YES;
				CLANG_WARN_DEPRECATED_OBJC_IMPLEMENTATIONS = YES;
				CLANG_WARN_DIRECT_OBJC_ISA_USAGE = YES_ERROR;
				CLANG_WARN_DOCUMENTATION_COMMENTS = YES;
				CLANG_WARN_EMPTY_BODY = YES;
				CLANG_WARN_ENUM_CONVERSION = YES;
				CLANG_WARN_INFINITE_RECURSION = YES;
				CLANG_WARN_INT_CONVERSION = YES;
				CLANG_WARN_NON_LITERAL_NULL_CONVERSION = YES;
				CLANG_WARN_OBJC_IMPLICIT_RETAIN_SELF = YES;
				CLANG_WARN_OBJC_LITERAL_CONVERSION = YES;
				CLANG_WARN_OBJC_ROOT_CLASS = YES_ERROR;
				CLANG_WARN_QUOTED_INCLUDE_IN_FRAMEWORK_HEADER = YES;
				CLANG_WARN_RANGE_LOOP_ANALYSIS = YES;
				CLANG_WARN_STRICT_PROTOTYPES = YES;
				CLANG_WARN_SUSPICIOUS_MOVE = YES;
				CLANG_WARN_UNGUARDED_AVAILABILITY = YES_AGGRESSIVE;
				CLANG_WARN_UNREACHABLE_CODE = YES;
				CLANG_WARN__DUPLICATE_METHOD_MATCH = YES;
				COPY_PHASE_STRIP = NO;
				DEBUG_INFORMATION_FORMAT = dwarf;
				ENABLE_STRICT_OBJC_MSGSEND = YES;
				ENABLE_TESTABILITY = YES;
				GCC_C_LANGUAGE_STANDARD = gnu11;
				GCC_DYNAMIC_NO_PIC = NO;
				GCC_NO_COMMON_BLOCKS = YES;
				GCC_OPTIMIZATION_LEVEL = 0;
				GCC_PREPROCESSOR_DEFINITIONS = (
					"DEBUG=1",
					"$(inherited)",
				);
				GCC_WARN_64_TO_32_BIT_CONVERSION = YES;
				GCC_WARN_ABOUT_RETURN_TYPE = YES_ERROR;
				GCC_WARN_UNDECLARED_SELECTOR = YES;
				GCC_WARN_UNINITIALIZED_AUTOS = YES_AGGRESSIVE;
				GCC_WARN_UNUSED_FUNCTION = YES;
				GCC_WARN_UNUSED_VARIABLE = YES;
				IPHONEOS_DEPLOYMENT_TARGET = 16.0;
				MTL_ENABLE_DEBUG_INFO = INCLUDE_SOURCE;
				MTL_FAST_MATH = YES;
				ONLY_ACTIVE_ARCH = YES;
				SDKROOT = iphoneos;
				SWIFT_ACTIVE_COMPILATION_CONDITIONS = DEBUG;
				SWIFT_OPTIMIZATION_LEVEL = "-Onone";
			};
			name = Debug;
		};
		33B761332909F01900AF9E83 /* Release */ = {
			isa = XCBuildConfiguration;
			buildSettings = {
				ALWAYS_SEARCH_USER_PATHS = NO;
				CLANG_ANALYZER_NONNULL = YES;
				CLANG_ANALYZER_NUMBER_OBJECT_CONVERSION = YES_AGGRESSIVE;
				CLANG_CXX_LANGUAGE_STANDARD = "gnu++20";
				CLANG_ENABLE_MODULES = YES;
				CLANG_ENABLE_OBJC_ARC = YES;
				CLANG_ENABLE_OBJC_WEAK = YES;
				CLANG_WARN_BLOCK_CAPTURE_AUTORELEASING = YES;
				CLANG_WARN_BOOL_CONVERSION = YES;
				CLANG_WARN_COMMA = YES;
				CLANG_WARN_CONSTANT_CONVERSION = YES;
				CLANG_WARN_DEPRECATED_OBJC_IMPLEMENTATIONS = YES;
				CLANG_WARN_DIRECT_OBJC_ISA_USAGE = YES_ERROR;
				CLANG_WARN_DOCUMENTATION_COMMENTS = YES;
				CLANG_WARN_EMPTY_BODY = YES;
				CLANG_WARN_ENUM_CONVERSION = YES;
				CLANG_WARN_INFINITE_RECURSION = YES;
				CLANG_WARN_INT_CONVERSION = YES;
				CLANG_WARN_NON_LITERAL_NULL_CONVERSION = YES;
				CLANG_WARN_OBJC_IMPLICIT_RETAIN_SELF = YES;
				CLANG_WARN_OBJC_LITERAL_CONVERSION = YES;
				CLANG_WARN_OBJC_ROOT_CLASS = YES_ERROR;
				CLANG_WARN_QUOTED_INCLUDE_IN_FRAMEWORK_HEADER = YES;
				CLANG_WARN_RANGE_LOOP_ANALYSIS = YES;
				CLANG_WARN_STRICT_PROTOTYPES = YES;
				CLANG_WARN_SUSPICIOUS_MOVE = YES;
				CLANG_WARN_UNGUARDED_AVAILABILITY = YES_AGGRESSIVE;
				CLANG_WARN_UNREACHABLE_CODE = YES;
				CLANG_WARN__DUPLICATE_METHOD_MATCH = YES;
				COPY_PHASE_STRIP = NO;
				DEBUG_INFORMATION_FORMAT = "dwarf-with-dsym";
				ENABLE_NS_ASSERTIONS = NO;
				ENABLE_STRICT_OBJC_MSGSEND = YES;
				GCC_C_LANGUAGE_STANDARD = gnu11;
				GCC_NO_COMMON_BLOCKS = YES;
				GCC_WARN_64_TO_32_BIT_CONVERSION = YES;
				GCC_WARN_ABOUT_RETURN_TYPE = YES_ERROR;
				GCC_WARN_UNDECLARED_SELECTOR = YES;
				GCC_WARN_UNINITIALIZED_AUTOS = YES_AGGRESSIVE;
				GCC_WARN_UNUSED_FUNCTION = YES;
				GCC_WARN_UNUSED_VARIABLE = YES;
				IPHONEOS_DEPLOYMENT_TARGET = 16.0;
				MTL_ENABLE_DEBUG_INFO = NO;
				MTL_FAST_MATH = YES;
				SDKROOT = iphoneos;
				SWIFT_COMPILATION_MODE = wholemodule;
				SWIFT_OPTIMIZATION_LEVEL = "-O";
				VALIDATE_PRODUCT = YES;
			};
			name = Release;
		};
		33B761352909F01900AF9E83 /* Debug */ = {
			isa = XCBuildConfiguration;
			buildSettings = {
				ASSETCATALOG_COMPILER_APPICON_NAME = AppIcon;
				ASSETCATALOG_COMPILER_GLOBAL_ACCENT_COLOR_NAME = AccentColor;
				CODE_SIGN_STYLE = Automatic;
				CURRENT_PROJECT_VERSION = 1;
				GENERATE_INFOPLIST_FILE = YES;
				INFOPLIST_FILE = Developers_MAD3115/Info.plist;
				INFOPLIST_KEY_UIApplicationSupportsIndirectInputEvents = YES;
				INFOPLIST_KEY_UILaunchStoryboardName = LaunchScreen;
				INFOPLIST_KEY_UIMainStoryboardFile = Main;
				INFOPLIST_KEY_UISupportedInterfaceOrientations_iPad = "UIInterfaceOrientationPortrait UIInterfaceOrientationPortraitUpsideDown UIInterfaceOrientationLandscapeLeft UIInterfaceOrientationLandscapeRight";
				INFOPLIST_KEY_UISupportedInterfaceOrientations_iPhone = "UIInterfaceOrientationPortrait UIInterfaceOrientationLandscapeLeft UIInterfaceOrientationLandscapeRight";
				LD_RUNPATH_SEARCH_PATHS = (
					"$(inherited)",
					"@executable_path/Frameworks",
				);
				MARKETING_VERSION = 1.0;
				PRODUCT_BUNDLE_IDENTIFIER = "MAD3115.Developers-MAD3115";
				PRODUCT_NAME = "$(TARGET_NAME)";
				SWIFT_EMIT_LOC_STRINGS = YES;
				SWIFT_VERSION = 5.0;
				TARGETED_DEVICE_FAMILY = "1,2";
			};
			name = Debug;
		};
		33B761362909F01900AF9E83 /* Release */ = {
			isa = XCBuildConfiguration;
			buildSettings = {
				ASSETCATALOG_COMPILER_APPICON_NAME = AppIcon;
				ASSETCATALOG_COMPILER_GLOBAL_ACCENT_COLOR_NAME = AccentColor;
				CODE_SIGN_STYLE = Automatic;
				CURRENT_PROJECT_VERSION = 1;
				GENERATE_INFOPLIST_FILE = YES;
				INFOPLIST_FILE = Developers_MAD3115/Info.plist;
				INFOPLIST_KEY_UIApplicationSupportsIndirectInputEvents = YES;
				INFOPLIST_KEY_UILaunchStoryboardName = LaunchScreen;
				INFOPLIST_KEY_UIMainStoryboardFile = Main;
				INFOPLIST_KEY_UISupportedInterfaceOrientations_iPad = "UIInterfaceOrientationPortrait UIInterfaceOrientationPortraitUpsideDown UIInterfaceOrientationLandscapeLeft UIInterfaceOrientationLandscapeRight";
				INFOPLIST_KEY_UISupportedInterfaceOrientations_iPhone = "UIInterfaceOrientationPortrait UIInterfaceOrientationLandscapeLeft UIInterfaceOrientationLandscapeRight";
				LD_RUNPATH_SEARCH_PATHS = (
					"$(inherited)",
					"@executable_path/Frameworks",
				);
				MARKETING_VERSION = 1.0;
				PRODUCT_BUNDLE_IDENTIFIER = "MAD3115.Developers-MAD3115";
				PRODUCT_NAME = "$(TARGET_NAME)";
				SWIFT_EMIT_LOC_STRINGS = YES;
				SWIFT_VERSION = 5.0;
				TARGETED_DEVICE_FAMILY = "1,2";
			};
			name = Release;
		};
/* End XCBuildConfiguration section */

/* Begin XCConfigurationList section */
		33B7611B2909F01800AF9E83 /* Build configuration list for PBXProject "Developers_MAD3115" */ = {
			isa = XCConfigurationList;
			buildConfigurations = (
				33B761322909F01900AF9E83 /* Debug */,
				33B761332909F01900AF9E83 /* Release */,
			);
			defaultConfigurationIsVisible = 0;
			defaultConfigurationName = Release;
		};
		33B761342909F01900AF9E83 /* Build configuration list for PBXNativeTarget "Developers_MAD3115" */ = {
			isa = XCConfigurationList;
			buildConfigurations = (
				33B761352909F01900AF9E83 /* Debug */,
				33B761362909F01900AF9E83 /* Release */,
			);
			defaultConfigurationIsVisible = 0;
			defaultConfigurationName = Release;
		};
/* End XCConfigurationList section */
	};
	rootObject = 33B761182909F01800AF9E83 /* Project object */;
}
